github.com/odipar/st4/go v0.1.5 h1:fvp6N5Ic0ofpL1nunGG9QQjPcallNuLzx5OQgO29814=
github.com/odipar/st4/go v0.1.5/go.mod h1:xD8FllM+rAb/78hl9IFd7L3AIz+IQuNT++L7fuBSiNM=
github.com/odipar/st4/go v0.1.6 h1:bR0solsMg1xv7Hihp8pmJCmqrb+VDsoIpsKZK2ypa5I=
github.com/odipar/st4/go v0.1.6/go.mod h1:xD8FllM+rAb/78hl9IFd7L3AIz+IQuNT++L7fuBSiNM=
github.com/odipar/st4/go v0.1.7 h1:t0nF5CipdJguUZ7pwcV/vOq34Sm1FmSnN+RiRO4VN4s=
github.com/odipar/st4/go v0.1.7/go.mod h1:xD8FllM+rAb/78hl9IFd7L3AIz+IQuNT++L7fuBSiNM=
